
Microsoft Visual Studio Solution File, Format Version 12.00
# Visual Studio Version 17
VisualStudioVersion = 17.0.31903.59
MinimumVisualStudioVersion = 10.0.40219.1
Project("{2150E333-8FDC-42A3-9474-1A3956D46DE8}") = "src", "src", "{C4689E7F-FE74-47D1-874F-EB12BB5F2F26}"
EndProject
Project("{FAE04EC0-301F-11D3-BF4B-00C04F79EFBC}") = "OrchardIssue1.Cms", "src\OrchardIssue1.Cms\OrchardIssue1.Cms.csproj", "{1E9101C1-FC9D-4A99-8706-DA9ADF3E0905}"
EndProject
Project("{2150E333-8FDC-42A3-9474-1A3956D46DE8}") = "Themes", "Themes", "{8828DF5D-BCC6-4F78-8974-6FB951CB3E46}"
EndProject
Project("{FAE04EC0-301F-11D3-BF4B-00C04F79EFBC}") = "OrchardIssue1.Theme", "src\Themes\OrchardIssue1.Theme\OrchardIssue1.Theme.csproj", "{202C803C-DB4A-4F4A-9FB9-6D8A9FCF033A}"
EndProject
Global
	GlobalSection(SolutionConfigurationPlatforms) = preSolution
		Debug|Any CPU = Debug|Any CPU
		Release|Any CPU = Release|Any CPU
	EndGlobalSection
	GlobalSection(SolutionProperties) = preSolution
		HideSolutionNode = FALSE
	EndGlobalSection
	GlobalSection(ProjectConfigurationPlatforms) = postSolution
		{1E9101C1-FC9D-4A99-8706-DA9ADF3E0905}.Debug|Any CPU.ActiveCfg = Debug|Any CPU
		{1E9101C1-FC9D-4A99-8706-DA9ADF3E0905}.Debug|Any CPU.Build.0 = Debug|Any CPU
		{1E9101C1-FC9D-4A99-8706-DA9ADF3E0905}.Release|Any CPU.ActiveCfg = Release|Any CPU
		{1E9101C1-FC9D-4A99-8706-DA9ADF3E0905}.Release|Any CPU.Build.0 = Release|Any CPU
		{202C803C-DB4A-4F4A-9FB9-6D8A9FCF033A}.Debug|Any CPU.ActiveCfg = Debug|Any CPU
		{202C803C-DB4A-4F4A-9FB9-6D8A9FCF033A}.Debug|Any CPU.Build.0 = Debug|Any CPU
		{202C803C-DB4A-4F4A-9FB9-6D8A9FCF033A}.Release|Any CPU.ActiveCfg = Release|Any CPU
		{202C803C-DB4A-4F4A-9FB9-6D8A9FCF033A}.Release|Any CPU.Build.0 = Release|Any CPU
	EndGlobalSection
	GlobalSection(NestedProjects) = preSolution
		{1E9101C1-FC9D-4A99-8706-DA9ADF3E0905} = {C4689E7F-FE74-47D1-874F-EB12BB5F2F26}
		{8828DF5D-BCC6-4F78-8974-6FB951CB3E46} = {C4689E7F-FE74-47D1-874F-EB12BB5F2F26}
		{202C803C-DB4A-4F4A-9FB9-6D8A9FCF033A} = {8828DF5D-BCC6-4F78-8974-6FB951CB3E46}
	EndGlobalSection
EndGlobal
